
Microsoft Visual Studio Solution File, Format Version 12.00
# Visual Studio Version 16
VisualStudioVersion = 16.0.31729.503
MinimumVisualStudioVersion = 10.0.40219.1
Project("{FAE04EC0-301F-11D3-BF4B-00C04F79EFBC}") = "Proiect_DAW", "Proiect_DAW\Proiect_DAW.csproj", "{6BB6FA83-7905-4BD6-ABAE-5228F1223C59}"
EndProject
Global
	GlobalSection(SolutionConfigurationPlatforms) = preSolution
		Debug|Any CPU = Debug|Any CPU
		Release|Any CPU = Release|Any CPU
	EndGlobalSection
	GlobalSection(ProjectConfigurationPlatforms) = postSolution
		{6BB6FA83-7905-4BD6-ABAE-5228F1223C59}.Debug|Any CPU.ActiveCfg = Debug|Any CPU
		{6BB6FA83-7905-4BD6-ABAE-5228F1223C59}.Debug|Any CPU.Build.0 = Debug|Any CPU
		{6BB6FA83-7905-4BD6-ABAE-5228F1223C59}.Release|Any CPU.ActiveCfg = Release|Any CPU
		{6BB6FA83-7905-4BD6-ABAE-5228F1223C59}.Release|Any CPU.Build.0 = Release|Any CPU
	EndGlobalSection
	GlobalSection(SolutionProperties) = preSolution
		HideSolutionNode = FALSE
	EndGlobalSection
	GlobalSection(ExtensibilityGlobals) = postSolution
		SolutionGuid = {9FFBF9D5-C21F-4694-A799-CD3DAF68D87F}
	EndGlobalSection
EndGlobal
